
Microsoft Visual Studio Solution File, Format Version 12.00
Project("{FAE04EC0-301F-11D3-BF4B-00C04F79EFBC}") = "Zs.Common", "Common\Zs.Common\Zs.Common.csproj", "{533ADA3A-D787-4B8B-842C-BA89E8B18F2F}"
EndProject
Project("{2150E333-8FDC-42A3-9474-1A3956D46DE8}") = "Common", "Common", "{96B7360F-79B3-422A-BDA3-51089143FB1E}"
EndProject
Project("{FAE04EC0-301F-11D3-BF4B-00C04F79EFBC}") = "Zs.Common.Services", "Common\Zs.Common.Services\Zs.Common.Services.csproj", "{2A6B7682-18B4-4489-A33A-8D8236C334F1}"
EndProject
Project("{FAE04EC0-301F-11D3-BF4B-00C04F79EFBC}") = "Zs.Common.Services.IntegrationTests", "Common\Zs.Common.Services.IntegrationTests\Zs.Common.Services.IntegrationTests.csproj", "{62122ACF-A708-4433-A9D0-2EBAAE4CF7A5}"
EndProject
Project("{FAE04EC0-301F-11D3-BF4B-00C04F79EFBC}") = "Zs.Common.Services.UnitTests", "Common\Zs.Common.Services.UnitTests\Zs.Common.Services.UnitTests.csproj", "{ECBFA09F-D109-4240-850B-84947D9C3582}"
EndProject
Project("{FAE04EC0-301F-11D3-BF4B-00C04F79EFBC}") = "Zs.Common.UnitTests", "Common\Zs.Common.UnitTests\Zs.Common.UnitTests.csproj", "{686FE1B6-6BFC-4513-B738-E48F0B85DEDB}"
EndProject
Project("{2150E333-8FDC-42A3-9474-1A3956D46DE8}") = "Bot", "Bot", "{A55512F3-396E-4AC2-BC91-62D34066B79A}"
EndProject
Project("{FAE04EC0-301F-11D3-BF4B-00C04F79EFBC}") = "Zs.Bot.Data", "Bot\Zs.Bot.Data\Zs.Bot.Data.csproj", "{AC4F39E7-5969-4B25-BE1C-4D211FC2C1E2}"
EndProject
Project("{FAE04EC0-301F-11D3-BF4B-00C04F79EFBC}") = "Zs.Bot.Data.PostgreSQL", "Bot\Zs.Bot.Data.PostgreSQL\Zs.Bot.Data.PostgreSQL.csproj", "{E71F5863-C1DD-4C79-B4DB-B56C684053B2}"
EndProject
Project("{FAE04EC0-301F-11D3-BF4B-00C04F79EFBC}") = "Zs.Bot.Data.PostgreSQL.IntegrationTests", "Bot\Zs.Bot.Data.PostgreSQL.IntegrationTests\Zs.Bot.Data.PostgreSQL.IntegrationTests.csproj", "{4B884EDF-55E7-4ADD-95AA-52926DE32B3E}"
EndProject
Project("{FAE04EC0-301F-11D3-BF4B-00C04F79EFBC}") = "Zs.Bot.Data.SQLite", "Bot\Zs.Bot.Data.SQLite\Zs.Bot.Data.SQLite.csproj", "{D170121A-06F0-4558-A4F7-886148216B01}"
EndProject
Project("{FAE04EC0-301F-11D3-BF4B-00C04F79EFBC}") = "Zs.Bot.Data.SQLite.IntegrationTests", "Bot\Zs.Bot.Data.SQLite.IntegrationTests\Zs.Bot.Data.SQLite.IntegrationTests.csproj", "{5C8301A4-D779-482B-8799-4E74398A0CC8}"
EndProject
Project("{FAE04EC0-301F-11D3-BF4B-00C04F79EFBC}") = "Zs.Bot.Data.UnitTests", "Bot\Zs.Bot.Data.UnitTests\Zs.Bot.Data.UnitTests.csproj", "{89158E8C-F094-40B3-A256-C8BB2C4A54DC}"
EndProject
Project("{FAE04EC0-301F-11D3-BF4B-00C04F79EFBC}") = "Zs.Bot.Services", "Bot\Zs.Bot.Services\Zs.Bot.Services.csproj", "{94ABA2C9-CE0A-4D19-A6A8-2E818E1D5CBF}"
EndProject
Project("{FAE04EC0-301F-11D3-BF4B-00C04F79EFBC}") = "Zs.Bot.Services.UnitTests", "Bot\Zs.Bot.Services.UnitTests\Zs.Bot.Services.UnitTests.csproj", "{BFE397DE-D177-47A9-82B4-16720B5B0227}"
EndProject
Project("{FAE04EC0-301F-11D3-BF4B-00C04F79EFBC}") = "Zs.Bot.Telegram", "Bot\Zs.Bot.Telegram\Zs.Bot.Telegram.csproj", "{E1EAFCD4-74E9-49A1-ABE5-0E2BEBB8C3C7}"
EndProject
Project("{FAE04EC0-301F-11D3-BF4B-00C04F79EFBC}") = "Zs.Bot.Telegram.IntegrationTests", "Bot\Zs.Bot.Telegram.IntegrationTests\Zs.Bot.Telegram.IntegrationTests.csproj", "{F3BECB82-0DE7-4104-8DA6-17C3D03042D7}"
EndProject
Project("{FAE04EC0-301F-11D3-BF4B-00C04F79EFBC}") = "Zs.DemoBot", "Bot\Zs.DemoBot\Zs.DemoBot.csproj", "{F70D00C8-547D-4BF4-8581-AB26CAA68712}"
EndProject
Project("{2150E333-8FDC-42A3-9474-1A3956D46DE8}") = "ChatAdmin", "ChatAdmin", "{744C866C-CB5E-4AC5-BAA4-32EB8BE4C74C}"
EndProject
Project("{FAE04EC0-301F-11D3-BF4B-00C04F79EFBC}") = "Zs.ChatAdmin.Bot", "ChatAdmin\Zs.ChatAdmin.Bot\Zs.ChatAdmin.Bot.csproj", "{580DE287-8E83-4AF7-9CE7-52DDCA6E9E3C}"
EndProject
Project("{FAE04EC0-301F-11D3-BF4B-00C04F79EFBC}") = "Zs.ChatAdmin.Bot.IntegrationTests", "ChatAdmin\Zs.ChatAdmin.Bot.IntegrationTests\Zs.ChatAdmin.Bot.IntegrationTests.csproj", "{19A18CAA-619F-4ABF-8F29-FCDA77E15370}"
EndProject
Project("{2150E333-8FDC-42A3-9474-1A3956D46DE8}") = "Home", "Home", "{377C2674-8A5E-4AD4-93C9-93B7888D061F}"
EndProject
Project("{FAE04EC0-301F-11D3-BF4B-00C04F79EFBC}") = "Zs.Home.Bot", "Home\Zs.Home.Bot\Zs.Home.Bot.csproj", "{5A26C9EA-D31E-45A5-9380-72BBF7F20D34}"
EndProject
Project("{FAE04EC0-301F-11D3-BF4B-00C04F79EFBC}") = "Zs.Home.WebApi", "Home\Zs.Home.WebApi\Zs.Home.WebApi.csproj", "{98F40194-8CE0-4AC9-912B-192CE0892288}"
EndProject
Project("{2150E333-8FDC-42A3-9474-1A3956D46DE8}") = "Parsers", "Parsers", "{C02CAFEC-1F2A-440C-8297-7B5C9CD26C37}"
EndProject
Project("{FAE04EC0-301F-11D3-BF4B-00C04F79EFBC}") = "Zs.Parser.EspMeteo", "Parsers\Zs.Parser.EspMeteo\Zs.Parser.EspMeteo.csproj", "{6C27372A-A5C5-49C9-B557-17474B3613F9}"
EndProject
Project("{FAE04EC0-301F-11D3-BF4B-00C04F79EFBC}") = "Zs.Parser.EspMeteo.UnitTests", "Parsers\Zs.Parser.EspMeteo.UnitTests\Zs.Parser.EspMeteo.UnitTests.csproj", "{90F81649-3810-4968-92B7-2A91D278F9B1}"
EndProject
Project("{2150E333-8FDC-42A3-9474-1A3956D46DE8}") = "VideoStreaming", "VideoStreaming", "{84844DC8-0C51-4436-B8A3-1EFC2058C14D}"
	ProjectSection(SolutionItems) = preProject
		VideoStreaming\docker-compose.yml = VideoStreaming\docker-compose.yml
	EndProjectSection
EndProject
Project("{FAE04EC0-301F-11D3-BF4B-00C04F79EFBC}") = "Zs.RtspToHlsConverter", "VideoStreaming\Zs.RtspToHlsConverter\Zs.RtspToHlsConverter.csproj", "{5236DEA9-7A79-47CE-98BD-D1C1F81BAC9E}"
EndProject
Project("{FAE04EC0-301F-11D3-BF4B-00C04F79EFBC}") = "Zs.VideoPlayer.ClientApp", "VideoStreaming\Zs.VideoPlayer.ClientApp\Zs.VideoPlayer.ClientApp.csproj", "{A8A2E40D-8C3F-4CFB-BB17-AE8415A32FEC}"
EndProject
Project("{FAE04EC0-301F-11D3-BF4B-00C04F79EFBC}") = "Zs.VideoPlayer.WebApi", "VideoStreaming\Zs.VideoPlayer.WebApi\Zs.VideoPlayer.WebApi.csproj", "{FAE7AF91-DB0B-4880-AAE0-F64F38297EC0}"
EndProject
Project("{2150E333-8FDC-42A3-9474-1A3956D46DE8}") = "Vk", "Vk", "{8BDD74B4-0A27-42A5-A7D4-A9D7759C4D4B}"
EndProject
Project("{FAE04EC0-301F-11D3-BF4B-00C04F79EFBC}") = "Zs.VkActivity.Common", "Vk\Zs.VkActivity.Common\Zs.VkActivity.Common.csproj", "{40763B0C-4E47-4505-9A22-6312E46572D6}"
EndProject
Project("{FAE04EC0-301F-11D3-BF4B-00C04F79EFBC}") = "Zs.VkActivity.Data", "Vk\Zs.VkActivity.Data\Zs.VkActivity.Data.csproj", "{9EAADF28-761B-4460-AEED-8DA662222840}"
EndProject
Project("{FAE04EC0-301F-11D3-BF4B-00C04F79EFBC}") = "Zs.VkActivity.WebApi", "Vk\Zs.VkActivity.WebApi\Zs.VkActivity.WebApi.csproj", "{2CE7F30D-FB9C-4A44-AF52-781BA1888406}"
EndProject
Project("{FAE04EC0-301F-11D3-BF4B-00C04F79EFBC}") = "Zs.VkActivity.WebApi.IntegrationTests", "Vk\Zs.VkActivity.WebApi.IntegrationTests\Zs.VkActivity.WebApi.IntegrationTests.csproj", "{4670D431-A7BB-45E2-8A8E-52E481483746}"
EndProject
Project("{FAE04EC0-301F-11D3-BF4B-00C04F79EFBC}") = "Zs.VkActivity.WebApi.UnitTests", "Vk\Zs.VkActivity.WebApi.UnitTests\Zs.VkActivity.WebApi.UnitTests.csproj", "{768C74D6-FB46-40EF-8903-F36244634DD3}"
EndProject
Project("{FAE04EC0-301F-11D3-BF4B-00C04F79EFBC}") = "Zs.VkActivity.Worker", "Vk\Zs.VkActivity.Worker\Zs.VkActivity.Worker.csproj", "{C9867902-C388-468E-95DB-A13DC3835CEB}"
EndProject
Project("{FAE04EC0-301F-11D3-BF4B-00C04F79EFBC}") = "Zs.VkActivity.Worker.IntegrationTests", "Vk\Zs.VkActivity.Worker.IntegrationTests\Zs.VkActivity.Worker.IntegrationTests.csproj", "{1A898A46-AE8B-4B87-9915-2FBDADD34B16}"
EndProject
Project("{FAE04EC0-301F-11D3-BF4B-00C04F79EFBC}") = "Zs.VkActivity.Worker.UnitTests", "Vk\Zs.VkActivity.Worker.UnitTests\Zs.VkActivity.Worker.UnitTests.csproj", "{8F1DD185-AEA9-45CF-B6E2-A07D6D709BAE}"
EndProject
Project("{FAE04EC0-301F-11D3-BF4B-00C04F79EFBC}") = "Zs.Home.Application", "Home\Zs.Home.Application\Zs.Home.Application.csproj", "{B12C1201-FCAD-43BB-ADD6-546A26FABA5F}"
EndProject
Project("{2150E333-8FDC-42A3-9474-1A3956D46DE8}") = "Solution Items", "Solution Items", "{34D42050-A376-4010-BE02-552A2A137350}"
	ProjectSection(SolutionItems) = preProject
		docker-compose.yml = docker-compose.yml
		docker-compose.vk.yml = docker-compose.vk.yml
	EndProjectSection
EndProject
Project("{FAE04EC0-301F-11D3-BF4B-00C04F79EFBC}") = "Zs.Home.Jobs.Quartz", "Home\Zs.Home.Jobs.Quartz\Zs.Home.Jobs.Quartz.csproj", "{3CB09435-5413-49D8-98E5-BF43110F8293}"
EndProject
Project("{FAE04EC0-301F-11D3-BF4B-00C04F79EFBC}") = "Zs.Home.Jobs.Hangfire", "Home\Zs.Home.Jobs.Hangfire\Zs.Home.Jobs.Hangfire.csproj", "{6FEA4DD0-1AB9-425E-8656-11BC3EAF50A6}"
EndProject
Project("{FAE04EC0-301F-11D3-BF4B-00C04F79EFBC}") = "Zs.Home.ClientApp", "Home\Zs.Home.ClientApp\Zs.Home.ClientApp.csproj", "{58A71B84-8166-4157-89BC-CA0ABDE67B6A}"
EndProject
Project("{FAE04EC0-301F-11D3-BF4B-00C04F79EFBC}") = "Zs.VkActivity.WebApi.Client", "Vk\Zs.VkActivity.WebApi.Client\Zs.VkActivity.WebApi.Client.csproj", "{2948B6A8-0DF2-4B40-97FA-E9A444FFE7AF}"
EndProject
Global
	GlobalSection(SolutionConfigurationPlatforms) = preSolution
		Debug|Any CPU = Debug|Any CPU
		Release|Any CPU = Release|Any CPU
	EndGlobalSection
	GlobalSection(ProjectConfigurationPlatforms) = postSolution
		{533ADA3A-D787-4B8B-842C-BA89E8B18F2F}.Debug|Any CPU.ActiveCfg = Debug|Any CPU
		{533ADA3A-D787-4B8B-842C-BA89E8B18F2F}.Debug|Any CPU.Build.0 = Debug|Any CPU
		{533ADA3A-D787-4B8B-842C-BA89E8B18F2F}.Release|Any CPU.ActiveCfg = Release|Any CPU
		{533ADA3A-D787-4B8B-842C-BA89E8B18F2F}.Release|Any CPU.Build.0 = Release|Any CPU
		{2A6B7682-18B4-4489-A33A-8D8236C334F1}.Debug|Any CPU.ActiveCfg = Debug|Any CPU
		{2A6B7682-18B4-4489-A33A-8D8236C334F1}.Debug|Any CPU.Build.0 = Debug|Any CPU
		{2A6B7682-18B4-4489-A33A-8D8236C334F1}.Release|Any CPU.ActiveCfg = Release|Any CPU
		{2A6B7682-18B4-4489-A33A-8D8236C334F1}.Release|Any CPU.Build.0 = Release|Any CPU
		{62122ACF-A708-4433-A9D0-2EBAAE4CF7A5}.Debug|Any CPU.ActiveCfg = Debug|Any CPU
		{62122ACF-A708-4433-A9D0-2EBAAE4CF7A5}.Debug|Any CPU.Build.0 = Debug|Any CPU
		{62122ACF-A708-4433-A9D0-2EBAAE4CF7A5}.Release|Any CPU.ActiveCfg = Release|Any CPU
		{62122ACF-A708-4433-A9D0-2EBAAE4CF7A5}.Release|Any CPU.Build.0 = Release|Any CPU
		{ECBFA09F-D109-4240-850B-84947D9C3582}.Debug|Any CPU.ActiveCfg = Debug|Any CPU
		{ECBFA09F-D109-4240-850B-84947D9C3582}.Debug|Any CPU.Build.0 = Debug|Any CPU
		{ECBFA09F-D109-4240-850B-84947D9C3582}.Release|Any CPU.ActiveCfg = Release|Any CPU
		{ECBFA09F-D109-4240-850B-84947D9C3582}.Release|Any CPU.Build.0 = Release|Any CPU
		{686FE1B6-6BFC-4513-B738-E48F0B85DEDB}.Debug|Any CPU.ActiveCfg = Debug|Any CPU
		{686FE1B6-6BFC-4513-B738-E48F0B85DEDB}.Debug|Any CPU.Build.0 = Debug|Any CPU
		{686FE1B6-6BFC-4513-B738-E48F0B85DEDB}.Release|Any CPU.ActiveCfg = Release|Any CPU
		{686FE1B6-6BFC-4513-B738-E48F0B85DEDB}.Release|Any CPU.Build.0 = Release|Any CPU
		{AC4F39E7-5969-4B25-BE1C-4D211FC2C1E2}.Debug|Any CPU.ActiveCfg = Debug|Any CPU
		{AC4F39E7-5969-4B25-BE1C-4D211FC2C1E2}.Debug|Any CPU.Build.0 = Debug|Any CPU
		{AC4F39E7-5969-4B25-BE1C-4D211FC2C1E2}.Release|Any CPU.ActiveCfg = Release|Any CPU
		{AC4F39E7-5969-4B25-BE1C-4D211FC2C1E2}.Release|Any CPU.Build.0 = Release|Any CPU
		{E71F5863-C1DD-4C79-B4DB-B56C684053B2}.Debug|Any CPU.ActiveCfg = Debug|Any CPU
		{E71F5863-C1DD-4C79-B4DB-B56C684053B2}.Debug|Any CPU.Build.0 = Debug|Any CPU
		{E71F5863-C1DD-4C79-B4DB-B56C684053B2}.Release|Any CPU.ActiveCfg = Release|Any CPU
		{E71F5863-C1DD-4C79-B4DB-B56C684053B2}.Release|Any CPU.Build.0 = Release|Any CPU
		{4B884EDF-55E7-4ADD-95AA-52926DE32B3E}.Debug|Any CPU.ActiveCfg = Debug|Any CPU
		{4B884EDF-55E7-4ADD-95AA-52926DE32B3E}.Debug|Any CPU.Build.0 = Debug|Any CPU
		{4B884EDF-55E7-4ADD-95AA-52926DE32B3E}.Release|Any CPU.ActiveCfg = Release|Any CPU
		{4B884EDF-55E7-4ADD-95AA-52926DE32B3E}.Release|Any CPU.Build.0 = Release|Any CPU
		{D170121A-06F0-4558-A4F7-886148216B01}.Debug|Any CPU.ActiveCfg = Debug|Any CPU
		{D170121A-06F0-4558-A4F7-886148216B01}.Debug|Any CPU.Build.0 = Debug|Any CPU
		{D170121A-06F0-4558-A4F7-886148216B01}.Release|Any CPU.ActiveCfg = Release|Any CPU
		{D170121A-06F0-4558-A4F7-886148216B01}.Release|Any CPU.Build.0 = Release|Any CPU
		{5C8301A4-D779-482B-8799-4E74398A0CC8}.Debug|Any CPU.ActiveCfg = Debug|Any CPU
		{5C8301A4-D779-482B-8799-4E74398A0CC8}.Debug|Any CPU.Build.0 = Debug|Any CPU
		{5C8301A4-D779-482B-8799-4E74398A0CC8}.Release|Any CPU.ActiveCfg = Release|Any CPU
		{5C8301A4-D779-482B-8799-4E74398A0CC8}.Release|Any CPU.Build.0 = Release|Any CPU
		{89158E8C-F094-40B3-A256-C8BB2C4A54DC}.Debug|Any CPU.ActiveCfg = Debug|Any CPU
		{89158E8C-F094-40B3-A256-C8BB2C4A54DC}.Debug|Any CPU.Build.0 = Debug|Any CPU
		{89158E8C-F094-40B3-A256-C8BB2C4A54DC}.Release|Any CPU.ActiveCfg = Release|Any CPU
		{89158E8C-F094-40B3-A256-C8BB2C4A54DC}.Release|Any CPU.Build.0 = Release|Any CPU
		{94ABA2C9-CE0A-4D19-A6A8-2E818E1D5CBF}.Debug|Any CPU.ActiveCfg = Debug|Any CPU
		{94ABA2C9-CE0A-4D19-A6A8-2E818E1D5CBF}.Debug|Any CPU.Build.0 = Debug|Any CPU
		{94ABA2C9-CE0A-4D19-A6A8-2E818E1D5CBF}.Release|Any CPU.ActiveCfg = Release|Any CPU
		{94ABA2C9-CE0A-4D19-A6A8-2E818E1D5CBF}.Release|Any CPU.Build.0 = Release|Any CPU
		{BFE397DE-D177-47A9-82B4-16720B5B0227}.Debug|Any CPU.ActiveCfg = Debug|Any CPU
		{BFE397DE-D177-47A9-82B4-16720B5B0227}.Debug|Any CPU.Build.0 = Debug|Any CPU
		{BFE397DE-D177-47A9-82B4-16720B5B0227}.Release|Any CPU.ActiveCfg = Release|Any CPU
		{BFE397DE-D177-47A9-82B4-16720B5B0227}.Release|Any CPU.Build.0 = Release|Any CPU
		{E1EAFCD4-74E9-49A1-ABE5-0E2BEBB8C3C7}.Debug|Any CPU.ActiveCfg = Debug|Any CPU
		{E1EAFCD4-74E9-49A1-ABE5-0E2BEBB8C3C7}.Debug|Any CPU.Build.0 = Debug|Any CPU
		{E1EAFCD4-74E9-49A1-ABE5-0E2BEBB8C3C7}.Release|Any CPU.ActiveCfg = Release|Any CPU
		{E1EAFCD4-74E9-49A1-ABE5-0E2BEBB8C3C7}.Release|Any CPU.Build.0 = Release|Any CPU
		{F3BECB82-0DE7-4104-8DA6-17C3D03042D7}.Debug|Any CPU.ActiveCfg = Debug|Any CPU
		{F3BECB82-0DE7-4104-8DA6-17C3D03042D7}.Debug|Any CPU.Build.0 = Debug|Any CPU
		{F3BECB82-0DE7-4104-8DA6-17C3D03042D7}.Release|Any CPU.ActiveCfg = Release|Any CPU
		{F3BECB82-0DE7-4104-8DA6-17C3D03042D7}.Release|Any CPU.Build.0 = Release|Any CPU
		{F70D00C8-547D-4BF4-8581-AB26CAA68712}.Debug|Any CPU.ActiveCfg = Debug|Any CPU
		{F70D00C8-547D-4BF4-8581-AB26CAA68712}.Debug|Any CPU.Build.0 = Debug|Any CPU
		{F70D00C8-547D-4BF4-8581-AB26CAA68712}.Release|Any CPU.ActiveCfg = Release|Any CPU
		{F70D00C8-547D-4BF4-8581-AB26CAA68712}.Release|Any CPU.Build.0 = Release|Any CPU
		{580DE287-8E83-4AF7-9CE7-52DDCA6E9E3C}.Debug|Any CPU.ActiveCfg = Debug|Any CPU
		{580DE287-8E83-4AF7-9CE7-52DDCA6E9E3C}.Debug|Any CPU.Build.0 = Debug|Any CPU
		{580DE287-8E83-4AF7-9CE7-52DDCA6E9E3C}.Release|Any CPU.ActiveCfg = Release|Any CPU
		{580DE287-8E83-4AF7-9CE7-52DDCA6E9E3C}.Release|Any CPU.Build.0 = Release|Any CPU
		{19A18CAA-619F-4ABF-8F29-FCDA77E15370}.Debug|Any CPU.ActiveCfg = Debug|Any CPU
		{19A18CAA-619F-4ABF-8F29-FCDA77E15370}.Debug|Any CPU.Build.0 = Debug|Any CPU
		{19A18CAA-619F-4ABF-8F29-FCDA77E15370}.Release|Any CPU.ActiveCfg = Release|Any CPU
		{19A18CAA-619F-4ABF-8F29-FCDA77E15370}.Release|Any CPU.Build.0 = Release|Any CPU
		{5A26C9EA-D31E-45A5-9380-72BBF7F20D34}.Debug|Any CPU.ActiveCfg = Debug|Any CPU
		{5A26C9EA-D31E-45A5-9380-72BBF7F20D34}.Debug|Any CPU.Build.0 = Debug|Any CPU
		{5A26C9EA-D31E-45A5-9380-72BBF7F20D34}.Release|Any CPU.ActiveCfg = Release|Any CPU
		{5A26C9EA-D31E-45A5-9380-72BBF7F20D34}.Release|Any CPU.Build.0 = Release|Any CPU
		{98F40194-8CE0-4AC9-912B-192CE0892288}.Debug|Any CPU.ActiveCfg = Debug|Any CPU
		{98F40194-8CE0-4AC9-912B-192CE0892288}.Debug|Any CPU.Build.0 = Debug|Any CPU
		{98F40194-8CE0-4AC9-912B-192CE0892288}.Release|Any CPU.ActiveCfg = Release|Any CPU
		{98F40194-8CE0-4AC9-912B-192CE0892288}.Release|Any CPU.Build.0 = Release|Any CPU
		{6C27372A-A5C5-49C9-B557-17474B3613F9}.Debug|Any CPU.ActiveCfg = Debug|Any CPU
		{6C27372A-A5C5-49C9-B557-17474B3613F9}.Debug|Any CPU.Build.0 = Debug|Any CPU
		{6C27372A-A5C5-49C9-B557-17474B3613F9}.Release|Any CPU.ActiveCfg = Release|Any CPU
		{6C27372A-A5C5-49C9-B557-17474B3613F9}.Release|Any CPU.Build.0 = Release|Any CPU
		{90F81649-3810-4968-92B7-2A91D278F9B1}.Debug|Any CPU.ActiveCfg = Debug|Any CPU
		{90F81649-3810-4968-92B7-2A91D278F9B1}.Debug|Any CPU.Build.0 = Debug|Any CPU
		{90F81649-3810-4968-92B7-2A91D278F9B1}.Release|Any CPU.ActiveCfg = Release|Any CPU
		{90F81649-3810-4968-92B7-2A91D278F9B1}.Release|Any CPU.Build.0 = Release|Any CPU
		{5236DEA9-7A79-47CE-98BD-D1C1F81BAC9E}.Debug|Any CPU.ActiveCfg = Debug|Any CPU
		{5236DEA9-7A79-47CE-98BD-D1C1F81BAC9E}.Debug|Any CPU.Build.0 = Debug|Any CPU
		{5236DEA9-7A79-47CE-98BD-D1C1F81BAC9E}.Release|Any CPU.ActiveCfg = Release|Any CPU
		{5236DEA9-7A79-47CE-98BD-D1C1F81BAC9E}.Release|Any CPU.Build.0 = Release|Any CPU
		{A8A2E40D-8C3F-4CFB-BB17-AE8415A32FEC}.Debug|Any CPU.ActiveCfg = Debug|Any CPU
		{A8A2E40D-8C3F-4CFB-BB17-AE8415A32FEC}.Debug|Any CPU.Build.0 = Debug|Any CPU
		{A8A2E40D-8C3F-4CFB-BB17-AE8415A32FEC}.Release|Any CPU.ActiveCfg = Release|Any CPU
		{A8A2E40D-8C3F-4CFB-BB17-AE8415A32FEC}.Release|Any CPU.Build.0 = Release|Any CPU
		{FAE7AF91-DB0B-4880-AAE0-F64F38297EC0}.Debug|Any CPU.ActiveCfg = Debug|Any CPU
		{FAE7AF91-DB0B-4880-AAE0-F64F38297EC0}.Debug|Any CPU.Build.0 = Debug|Any CPU
		{FAE7AF91-DB0B-4880-AAE0-F64F38297EC0}.Release|Any CPU.ActiveCfg = Release|Any CPU
		{FAE7AF91-DB0B-4880-AAE0-F64F38297EC0}.Release|Any CPU.Build.0 = Release|Any CPU
		{40763B0C-4E47-4505-9A22-6312E46572D6}.Debug|Any CPU.ActiveCfg = Debug|Any CPU
		{40763B0C-4E47-4505-9A22-6312E46572D6}.Debug|Any CPU.Build.0 = Debug|Any CPU
		{40763B0C-4E47-4505-9A22-6312E46572D6}.Release|Any CPU.ActiveCfg = Release|Any CPU
		{40763B0C-4E47-4505-9A22-6312E46572D6}.Release|Any CPU.Build.0 = Release|Any CPU
		{9EAADF28-761B-4460-AEED-8DA662222840}.Debug|Any CPU.ActiveCfg = Debug|Any CPU
		{9EAADF28-761B-4460-AEED-8DA662222840}.Debug|Any CPU.Build.0 = Debug|Any CPU
		{9EAADF28-761B-4460-AEED-8DA662222840}.Release|Any CPU.ActiveCfg = Release|Any CPU
		{9EAADF28-761B-4460-AEED-8DA662222840}.Release|Any CPU.Build.0 = Release|Any CPU
		{2CE7F30D-FB9C-4A44-AF52-781BA1888406}.Debug|Any CPU.ActiveCfg = Debug|Any CPU
		{2CE7F30D-FB9C-4A44-AF52-781BA1888406}.Debug|Any CPU.Build.0 = Debug|Any CPU
		{2CE7F30D-FB9C-4A44-AF52-781BA1888406}.Release|Any CPU.ActiveCfg = Release|Any CPU
		{2CE7F30D-FB9C-4A44-AF52-781BA1888406}.Release|Any CPU.Build.0 = Release|Any CPU
		{4670D431-A7BB-45E2-8A8E-52E481483746}.Debug|Any CPU.ActiveCfg = Debug|Any CPU
		{4670D431-A7BB-45E2-8A8E-52E481483746}.Debug|Any CPU.Build.0 = Debug|Any CPU
		{4670D431-A7BB-45E2-8A8E-52E481483746}.Release|Any CPU.ActiveCfg = Release|Any CPU
		{4670D431-A7BB-45E2-8A8E-52E481483746}.Release|Any CPU.Build.0 = Release|Any CPU
		{768C74D6-FB46-40EF-8903-F36244634DD3}.Debug|Any CPU.ActiveCfg = Debug|Any CPU
		{768C74D6-FB46-40EF-8903-F36244634DD3}.Debug|Any CPU.Build.0 = Debug|Any CPU
		{768C74D6-FB46-40EF-8903-F36244634DD3}.Release|Any CPU.ActiveCfg = Release|Any CPU
		{768C74D6-FB46-40EF-8903-F36244634DD3}.Release|Any CPU.Build.0 = Release|Any CPU
		{C9867902-C388-468E-95DB-A13DC3835CEB}.Debug|Any CPU.ActiveCfg = Debug|Any CPU
		{C9867902-C388-468E-95DB-A13DC3835CEB}.Debug|Any CPU.Build.0 = Debug|Any CPU
		{C9867902-C388-468E-95DB-A13DC3835CEB}.Release|Any CPU.ActiveCfg = Release|Any CPU
		{C9867902-C388-468E-95DB-A13DC3835CEB}.Release|Any CPU.Build.0 = Release|Any CPU
		{1A898A46-AE8B-4B87-9915-2FBDADD34B16}.Debug|Any CPU.ActiveCfg = Debug|Any CPU
		{1A898A46-AE8B-4B87-9915-2FBDADD34B16}.Debug|Any CPU.Build.0 = Debug|Any CPU
		{1A898A46-AE8B-4B87-9915-2FBDADD34B16}.Release|Any CPU.ActiveCfg = Release|Any CPU
		{1A898A46-AE8B-4B87-9915-2FBDADD34B16}.Release|Any CPU.Build.0 = Release|Any CPU
		{8F1DD185-AEA9-45CF-B6E2-A07D6D709BAE}.Debug|Any CPU.ActiveCfg = Debug|Any CPU
		{8F1DD185-AEA9-45CF-B6E2-A07D6D709BAE}.Debug|Any CPU.Build.0 = Debug|Any CPU
		{8F1DD185-AEA9-45CF-B6E2-A07D6D709BAE}.Release|Any CPU.ActiveCfg = Release|Any CPU
		{8F1DD185-AEA9-45CF-B6E2-A07D6D709BAE}.Release|Any CPU.Build.0 = Release|Any CPU
		{B12C1201-FCAD-43BB-ADD6-546A26FABA5F}.Debug|Any CPU.ActiveCfg = Debug|Any CPU
		{B12C1201-FCAD-43BB-ADD6-546A26FABA5F}.Debug|Any CPU.Build.0 = Debug|Any CPU
		{B12C1201-FCAD-43BB-ADD6-546A26FABA5F}.Release|Any CPU.ActiveCfg = Release|Any CPU
		{B12C1201-FCAD-43BB-ADD6-546A26FABA5F}.Release|Any CPU.Build.0 = Release|Any CPU
		{3CB09435-5413-49D8-98E5-BF43110F8293}.Debug|Any CPU.ActiveCfg = Debug|Any CPU
		{3CB09435-5413-49D8-98E5-BF43110F8293}.Debug|Any CPU.Build.0 = Debug|Any CPU
		{3CB09435-5413-49D8-98E5-BF43110F8293}.Release|Any CPU.ActiveCfg = Release|Any CPU
		{3CB09435-5413-49D8-98E5-BF43110F8293}.Release|Any CPU.Build.0 = Release|Any CPU
		{6FEA4DD0-1AB9-425E-8656-11BC3EAF50A6}.Debug|Any CPU.ActiveCfg = Debug|Any CPU
		{6FEA4DD0-1AB9-425E-8656-11BC3EAF50A6}.Debug|Any CPU.Build.0 = Debug|Any CPU
		{6FEA4DD0-1AB9-425E-8656-11BC3EAF50A6}.Release|Any CPU.ActiveCfg = Release|Any CPU
		{6FEA4DD0-1AB9-425E-8656-11BC3EAF50A6}.Release|Any CPU.Build.0 = Release|Any CPU
		{58A71B84-8166-4157-89BC-CA0ABDE67B6A}.Debug|Any CPU.ActiveCfg = Debug|Any CPU
		{58A71B84-8166-4157-89BC-CA0ABDE67B6A}.Debug|Any CPU.Build.0 = Debug|Any CPU
		{58A71B84-8166-4157-89BC-CA0ABDE67B6A}.Release|Any CPU.ActiveCfg = Release|Any CPU
		{58A71B84-8166-4157-89BC-CA0ABDE67B6A}.Release|Any CPU.Build.0 = Release|Any CPU
		{2948B6A8-0DF2-4B40-97FA-E9A444FFE7AF}.Debug|Any CPU.ActiveCfg = Debug|Any CPU
		{2948B6A8-0DF2-4B40-97FA-E9A444FFE7AF}.Debug|Any CPU.Build.0 = Debug|Any CPU
		{2948B6A8-0DF2-4B40-97FA-E9A444FFE7AF}.Release|Any CPU.ActiveCfg = Release|Any CPU
		{2948B6A8-0DF2-4B40-97FA-E9A444FFE7AF}.Release|Any CPU.Build.0 = Release|Any CPU
	EndGlobalSection
	GlobalSection(NestedProjects) = preSolution
		{533ADA3A-D787-4B8B-842C-BA89E8B18F2F} = {96B7360F-79B3-422A-BDA3-51089143FB1E}
		{2A6B7682-18B4-4489-A33A-8D8236C334F1} = {96B7360F-79B3-422A-BDA3-51089143FB1E}
		{62122ACF-A708-4433-A9D0-2EBAAE4CF7A5} = {96B7360F-79B3-422A-BDA3-51089143FB1E}
		{ECBFA09F-D109-4240-850B-84947D9C3582} = {96B7360F-79B3-422A-BDA3-51089143FB1E}
		{686FE1B6-6BFC-4513-B738-E48F0B85DEDB} = {96B7360F-79B3-422A-BDA3-51089143FB1E}
		{AC4F39E7-5969-4B25-BE1C-4D211FC2C1E2} = {A55512F3-396E-4AC2-BC91-62D34066B79A}
		{E71F5863-C1DD-4C79-B4DB-B56C684053B2} = {A55512F3-396E-4AC2-BC91-62D34066B79A}
		{4B884EDF-55E7-4ADD-95AA-52926DE32B3E} = {A55512F3-396E-4AC2-BC91-62D34066B79A}
		{D170121A-06F0-4558-A4F7-886148216B01} = {A55512F3-396E-4AC2-BC91-62D34066B79A}
		{5C8301A4-D779-482B-8799-4E74398A0CC8} = {A55512F3-396E-4AC2-BC91-62D34066B79A}
		{89158E8C-F094-40B3-A256-C8BB2C4A54DC} = {A55512F3-396E-4AC2-BC91-62D34066B79A}
		{94ABA2C9-CE0A-4D19-A6A8-2E818E1D5CBF} = {A55512F3-396E-4AC2-BC91-62D34066B79A}
		{BFE397DE-D177-47A9-82B4-16720B5B0227} = {A55512F3-396E-4AC2-BC91-62D34066B79A}
		{E1EAFCD4-74E9-49A1-ABE5-0E2BEBB8C3C7} = {A55512F3-396E-4AC2-BC91-62D34066B79A}
		{F3BECB82-0DE7-4104-8DA6-17C3D03042D7} = {A55512F3-396E-4AC2-BC91-62D34066B79A}
		{F70D00C8-547D-4BF4-8581-AB26CAA68712} = {A55512F3-396E-4AC2-BC91-62D34066B79A}
		{580DE287-8E83-4AF7-9CE7-52DDCA6E9E3C} = {744C866C-CB5E-4AC5-BAA4-32EB8BE4C74C}
		{19A18CAA-619F-4ABF-8F29-FCDA77E15370} = {744C866C-CB5E-4AC5-BAA4-32EB8BE4C74C}
		{5A26C9EA-D31E-45A5-9380-72BBF7F20D34} = {377C2674-8A5E-4AD4-93C9-93B7888D061F}
		{98F40194-8CE0-4AC9-912B-192CE0892288} = {377C2674-8A5E-4AD4-93C9-93B7888D061F}
		{6C27372A-A5C5-49C9-B557-17474B3613F9} = {C02CAFEC-1F2A-440C-8297-7B5C9CD26C37}
		{90F81649-3810-4968-92B7-2A91D278F9B1} = {C02CAFEC-1F2A-440C-8297-7B5C9CD26C37}
		{5236DEA9-7A79-47CE-98BD-D1C1F81BAC9E} = {84844DC8-0C51-4436-B8A3-1EFC2058C14D}
		{A8A2E40D-8C3F-4CFB-BB17-AE8415A32FEC} = {84844DC8-0C51-4436-B8A3-1EFC2058C14D}
		{FAE7AF91-DB0B-4880-AAE0-F64F38297EC0} = {84844DC8-0C51-4436-B8A3-1EFC2058C14D}
		{40763B0C-4E47-4505-9A22-6312E46572D6} = {8BDD74B4-0A27-42A5-A7D4-A9D7759C4D4B}
		{9EAADF28-761B-4460-AEED-8DA662222840} = {8BDD74B4-0A27-42A5-A7D4-A9D7759C4D4B}
		{2CE7F30D-FB9C-4A44-AF52-781BA1888406} = {8BDD74B4-0A27-42A5-A7D4-A9D7759C4D4B}
		{4670D431-A7BB-45E2-8A8E-52E481483746} = {8BDD74B4-0A27-42A5-A7D4-A9D7759C4D4B}
		{768C74D6-FB46-40EF-8903-F36244634DD3} = {8BDD74B4-0A27-42A5-A7D4-A9D7759C4D4B}
		{C9867902-C388-468E-95DB-A13DC3835CEB} = {8BDD74B4-0A27-42A5-A7D4-A9D7759C4D4B}
		{1A898A46-AE8B-4B87-9915-2FBDADD34B16} = {8BDD74B4-0A27-42A5-A7D4-A9D7759C4D4B}
		{8F1DD185-AEA9-45CF-B6E2-A07D6D709BAE} = {8BDD74B4-0A27-42A5-A7D4-A9D7759C4D4B}
		{B12C1201-FCAD-43BB-ADD6-546A26FABA5F} = {377C2674-8A5E-4AD4-93C9-93B7888D061F}
		{3CB09435-5413-49D8-98E5-BF43110F8293} = {377C2674-8A5E-4AD4-93C9-93B7888D061F}
		{6FEA4DD0-1AB9-425E-8656-11BC3EAF50A6} = {377C2674-8A5E-4AD4-93C9-93B7888D061F}
		{58A71B84-8166-4157-89BC-CA0ABDE67B6A} = {377C2674-8A5E-4AD4-93C9-93B7888D061F}
		{2948B6A8-0DF2-4B40-97FA-E9A444FFE7AF} = {8BDD74B4-0A27-42A5-A7D4-A9D7759C4D4B}
	EndGlobalSection
EndGlobal
